// !$*UTF8*$!
{
	archiveVersion = 1;
	classes = {
	};
	objectVersion = 46;
	objects = {

/* Begin PBXBuildFile section */
		4C010C6C1E5B91AC00BFA1DE /* AppDelegate.swift in Sources */ = {isa = PBXBuildFile; fileRef = 4C010C6B1E5B91AC00BFA1DE /* AppDelegate.swift */; };
		4C010C6E1E5B91AC00BFA1DE /* ViewController.swift in Sources */ = {isa = PBXBuildFile; fileRef = 4C010C6D1E5B91AC00BFA1DE /* ViewController.swift */; };
		4C010C701E5B91AC00BFA1DE /* Assets.xcassets in Resources */ = {isa = PBXBuildFile; fileRef = 4C010C6F1E5B91AC00BFA1DE /* Assets.xcassets */; };
		4C010C731E5B91AC00BFA1DE /* Main.storyboard in Resources */ = {isa = PBXBuildFile; fileRef = 4C010C711E5B91AC00BFA1DE /* Main.storyboard */; };
		4CE45AFB1E6225D5008B5762 /* PacketProcessing.swift in Sources */ = {isa = PBXBuildFile; fileRef = 4CE45AFA1E6225D5008B5762 /* PacketProcessing.swift */; };
/* End PBXBuildFile section */

/* Begin PBXFileReference section */
		4C010C681E5B91AC00BFA1DE /* CenterNode.app */ = {isa = PBXFileReference; explicitFileType = wrapper.application; includeInIndex = 0; path = CenterNode.app; sourceTree = BUILT_PRODUCTS_DIR; };
		4C010C6B1E5B91AC00BFA1DE /* AppDelegate.swift */ = {isa = PBXFileReference; lastKnownFileType = sourcecode.swift; path = AppDelegate.swift; sourceTree = "<group>"; };
		4C010C6D1E5B91AC00BFA1DE /* ViewController.swift */ = {isa = PBXFileReference; lastKnownFileType = sourcecode.swift; path = ViewController.swift; sourceTree = "<group>"; };
		4C010C6F1E5B91AC00BFA1DE /* Assets.xcassets */ = {isa = PBXFileReference; lastKnownFileType = folder.assetcatalog; path = Assets.xcassets; sourceTree = "<group>"; };
		4C010C721E5B91AC00BFA1DE /* Base */ = {isa = PBXFileReference; lastKnownFileType = file.storyboard; name = Base; path = Base.lproj/Main.storyboard; sourceTree = "<group>"; };
		4C010C741E5B91AC00BFA1DE /* Info.plist */ = {isa = PBXFileReference; lastKnownFileType = text.plist.xml; path = Info.plist; sourceTree = "<group>"; };
		4CE45AFA1E6225D5008B5762 /* PacketProcessing.swift */ = {isa = PBXFileReference; fileEncoding = 4; lastKnownFileType = sourcecode.swift; path = PacketProcessing.swift; sourceTree = "<group>"; };
/* End PBXFileReference section */

/* Begin PBXFrameworksBuildPhase section */
		4C010C651E5B91AC00BFA1DE /* Frameworks */ = {
			isa = PBXFrameworksBuildPhase;
			buildActionMask = 2147483647;
			files = (
			);
			runOnlyForDeploymentPostprocessing = 0;
		};
/* End PBXFrameworksBuildPhase section */

/* Begin PBXGroup section */
		4C010C5F1E5B91AC00BFA1DE = {
			isa = PBXGroup;
			children = (
				4C010C6A1E5B91AC00BFA1DE /* CenterNode */,
				4C010C691E5B91AC00BFA1DE /* Products */,
			);
			sourceTree = "<group>";
		};
		4C010C691E5B91AC00BFA1DE /* Products */ = {
			isa = PBXGroup;
			children = (
				4C010C681E5B91AC00BFA1DE /* CenterNode.app */,
			);
			name = Products;
			sourceTree = "<group>";
		};
		4C010C6A1E5B91AC00BFA1DE /* CenterNode */ = {
			isa = PBXGroup;
			children = (
				4C010C6B1E5B91AC00BFA1DE /* AppDelegate.swift */,
				4C010C6D1E5B91AC00BFA1DE /* ViewController.swift */,
				4CE45AFA1E6225D5008B5762 /* PacketProcessing.swift */,
				4C010C6F1E5B91AC00BFA1DE /* Assets.xcassets */,
				4C010C711E5B91AC00BFA1DE /* Main.storyboard */,
				4C010C741E5B91AC00BFA1DE /* Info.plist */,
			);
			path = CenterNode;
			sourceTree = "<group>";
		};
/* End PBXGroup section */

/* Begin PBXNativeTarget section */
		4C010C671E5B91AC00BFA1DE /* CenterNode */ = {
			isa = PBXNativeTarget;
			buildConfigurationList = 4C010C771E5B91AC00BFA1DE /* Build configuration list for PBXNativeTarget "CenterNode" */;
			buildPhases = (
				4C010C641E5B91AC00BFA1DE /* Sources */,
				4C010C651E5B91AC00BFA1DE /* Frameworks */,
				4C010C661E5B91AC00BFA1DE /* Resources */,
			);
			buildRules = (
			);
			dependencies = (
			);
			name = CenterNode;
			productName = CenterNode;
			productReference = 4C010C681E5B91AC00BFA1DE /* CenterNode.app */;
			productType = "com.apple.product-type.application";
		};
/* End PBXNativeTarget section */

/* Begin PBXProject section */
		4C010C601E5B91AC00BFA1DE /* Project object */ = {
			isa = PBXProject;
			attributes = {
				LastSwiftUpdateCheck = 0820;
				LastUpgradeCheck = 0820;
				ORGANIZATIONNAME = "Tong Yu";
				TargetAttributes = {
					4C010C671E5B91AC00BFA1DE = {
						CreatedOnToolsVersion = 8.2.1;
						DevelopmentTeam = 3BH38EHJZ3;
						ProvisioningStyle = Automatic;
					};
				};
			};
			buildConfigurationList = 4C010C631E5B91AC00BFA1DE /* Build configuration list for PBXProject "CenterNode" */;
			compatibilityVersion = "Xcode 3.2";
			developmentRegion = English;
			hasScannedForEncodings = 0;
			knownRegions = (
				en,
				Base,
			);
			mainGroup = 4C010C5F1E5B91AC00BFA1DE;
			productRefGroup = 4C010C691E5B91AC00BFA1DE /* Products */;
			projectDirPath = "";
			projectRoot = "";
			targets = (
				4C010C671E5B91AC00BFA1DE /* CenterNode */,
			);
		};
/* End PBXProject section */

/* Begin PBXResourcesBuildPhase section */
		4C010C661E5B91AC00BFA1DE /* Resources */ = {
			isa = PBXResourcesBuildPhase;
			buildActionMask = 2147483647;
			files = (
				4C010C701E5B91AC00BFA1DE /* Assets.xcassets in Resources */,
				4C010C731E5B91AC00BFA1DE /* Main.storyboard in Resources */,
			);
			runOnlyForDeploymentPostprocessing = 0;
		};
/* End PBXResourcesBuildPhase section */

/* Begin PBXSourcesBuildPhase section */
		4C010C641E5B91AC00BFA1DE /* Sources */ = {
			isa = PBXSourcesBuildPhase;
			buildActionMask = 2147483647;
			files = (
				4CE45AFB1E6225D5008B5762 /* PacketProcessing.swift in Sources */,
				4C010C6E1E5B91AC00BFA1DE /* ViewController.swift in Sources */,
				4C010C6C1E5B91AC00BFA1DE /* AppDelegate.swift in Sources */,
			);
			runOnlyForDeploymentPostprocessing = 0;
		};
/* End PBXSourcesBuildPhase section */

/* Begin PBXVariantGroup section */
		4C010C711E5B91AC00BFA1DE /* Main.storyboard */ = {
			isa = PBXVariantGroup;
			children = (
				4C010C721E5B91AC00BFA1DE /* Base */,
			);
			name = Main.storyboard;
			sourceTree = "<group>";
		};
/* End PBXVariantGroup section */

/* Begin XCBuildConfiguration section */
		4C010C751E5B91AC00BFA1DE /* Debug */ = {
			isa = XCBuildConfiguration;
			buildSettings = {
				ALWAYS_SEARCH_USER_PATHS = NO;
				CLANG_ANALYZER_NONNULL = YES;
				CLANG_CXX_LANGUAGE_STANDARD = "gnu++0x";
				CLANG_CXX_LIBRARY = "libc++";
				CLANG_ENABLE_MODULES = YES;
				CLANG_ENABLE_OBJC_ARC = YES;
				CLANG_WARN_BOOL_CONVERSION = YES;
				CLANG_WARN_CONSTANT_CONVERSION = YES;
				CLANG_WARN_DIRECT_OBJC_ISA_USAGE = YES_ERROR;
				CLANG_WARN_DOCUMENTATION_COMMENTS = YES;
				CLANG_WARN_EMPTY_BODY = YES;
				CLANG_WARN_ENUM_CONVERSION = YES;
				CLANG_WARN_INFINITE_RECURSION = YES;
				CLANG_WARN_INT_CONVERSION = YES;
				CLANG_WARN_OBJC_ROOT_CLASS = YES_ERROR;
				CLANG_WARN_SUSPICIOUS_MOVE = YES;
				CLANG_WARN_UNREACHABLE_CODE = YES;
				CLANG_WARN__DUPLICATE_METHOD_MATCH = YES;
				CODE_SIGN_IDENTITY = "-";
				COPY_PHASE_STRIP = NO;
				DEBUG_INFORMATION_FORMAT = dwarf;
				ENABLE_STRICT_OBJC_MSGSEND = YES;
				ENABLE_TESTABILITY = YES;
				GCC_C_LANGUAGE_STANDARD = gnu99;
				GCC_DYNAMIC_NO_PIC = NO;
				GCC_NO_COMMON_BLOCKS = YES;
				GCC_OPTIMIZATION_LEVEL = 0;
				GCC_PREPROCESSOR_DEFINITIONS = (
					"DEBUG=1",
					"$(inherited)",
				);
				GCC_WARN_64_TO_32_BIT_CONVERSION = YES;
				GCC_WARN_ABOUT_RETURN_TYPE = YES_ERROR;
				GCC_WARN_UNDECLARED_SELECTOR = YES;
				GCC_WARN_UNINITIALIZED_AUTOS = YES_AGGRESSIVE;
				GCC_WARN_UNUSED_FUNCTION = YES;
				GCC_WARN_UNUSED_VARIABLE = YES;
				MACOSX_DEPLOYMENT_TARGET = 10.11;
				MTL_ENABLE_DEBUG_INFO = YES;
				ONLY_ACTIVE_ARCH = YES;
				SDKROOT = macosx;
				SWIFT_ACTIVE_COMPILATION_CONDITIONS = DEBUG;
				SWIFT_OPTIMIZATION_LEVEL = "-Onone";
			};
			name = Debug;
		};
		4C010C761E5B91AC00BFA1DE /* Release */ = {
			isa = XCBuildConfiguration;
			buildSettings = {
				ALWAYS_SEARCH_USER_PATHS = NO;
				CLANG_ANALYZER_NONNULL = YES;
				CLANG_CXX_LANGUAGE_STANDARD = "gnu++0x";
				CLANG_CXX_LIBRARY = "libc++";
				CLANG_ENABLE_MODULES = YES;
				CLANG_ENABLE_OBJC_ARC = YES;
				CLANG_WARN_BOOL_CONVERSION = YES;
				CLANG_WARN_CONSTANT_CONVERSION = YES;
				CLANG_WARN_DIRECT_OBJC_ISA_USAGE = YES_ERROR;
				CLANG_WARN_DOCUMENTATION_COMMENTS = YES;
				CLANG_WARN_EMPTY_BODY = YES;
				CLANG_WARN_ENUM_CONVERSION = YES;
				CLANG_WARN_INFINITE_RECURSION = YES;
				CLANG_WARN_INT_CONVERSION = YES;
				CLANG_WARN_OBJC_ROOT_CLASS = YES_ERROR;
				CLANG_WARN_SUSPICIOUS_MOVE = YES;
				CLANG_WARN_UNREACHABLE_CODE = YES;
				CLANG_WARN__DUPLICATE_METHOD_MATCH = YES;
				CODE_SIGN_IDENTITY = "-";
				COPY_PHASE_STRIP = NO;
				DEBUG_INFORMATION_FORMAT = "dwarf-with-dsym";
				ENABLE_NS_ASSERTIONS = NO;
				ENABLE_STRICT_OBJC_MSGSEND = YES;
				GCC_C_LANGUAGE_STANDARD = gnu99;
				GCC_NO_COMMON_BLOCKS = YES;
				GCC_WARN_64_TO_32_BIT_CONVERSION = YES;
				GCC_WARN_ABOUT_RETURN_TYPE = YES_ERROR;
				GCC_WARN_UNDECLARED_SELECTOR = YES;
				GCC_WARN_UNINITIALIZED_AUTOS = YES_AGGRESSIVE;
				GCC_WARN_UNUSED_FUNCTION = YES;
				GCC_WARN_UNUSED_VARIABLE = YES;
				MACOSX_DEPLOYMENT_TARGET = 10.11;
				MTL_ENABLE_DEBUG_INFO = NO;
				SDKROOT = macosx;
				SWIFT_OPTIMIZATION_LEVEL = "-Owholemodule";
			};
			name = Release;
		};
		4C010C781E5B91AC00BFA1DE /* Debug */ = {
			isa = XCBuildConfiguration;
			buildSettings = {
				ASSETCATALOG_COMPILER_APPICON_NAME = AppIcon;
				COMBINE_HIDPI_IMAGES = YES;
				DEVELOPMENT_TEAM = 3BH38EHJZ3;
				INFOPLIST_FILE = CenterNode/Info.plist;
				LD_RUNPATH_SEARCH_PATHS = "$(inherited) @executable_path/../Frameworks";
				PRODUCT_BUNDLE_IDENTIFIER = TONG.CenterNode;
				PRODUCT_NAME = "$(TARGET_NAME)";
				SWIFT_VERSION = 3.0;
			};
			name = Debug;
		};
		4C010C791E5B91AC00BFA1DE /* Release */ = {
			isa = XCBuildConfiguration;
			buildSettings = {
				ASSETCATALOG_COMPILER_APPICON_NAME = AppIcon;
				COMBINE_HIDPI_IMAGES = YES;
				DEVELOPMENT_TEAM = 3BH38EHJZ3;
				INFOPLIST_FILE = CenterNode/Info.plist;
				LD_RUNPATH_SEARCH_PATHS = "$(inherited) @executable_path/../Frameworks";
				PRODUCT_BUNDLE_IDENTIFIER = TONG.CenterNode;
				PRODUCT_NAME = "$(TARGET_NAME)";
				SWIFT_VERSION = 3.0;
			};
			name = Release;
		};
/* End XCBuildConfiguration section */

/* Begin XCConfigurationList section */
		4C010C631E5B91AC00BFA1DE /* Build configuration list for PBXProject "CenterNode" */ = {
			isa = XCConfigurationList;
			buildConfigurations = (
				4C010C751E5B91AC00BFA1DE /* Debug */,
				4C010C761E5B91AC00BFA1DE /* Release */,
			);
			defaultConfigurationIsVisible = 0;
			defaultConfigurationName = Release;
		};
		4C010C771E5B91AC00BFA1DE /* Build configuration list for PBXNativeTarget "CenterNode" */ = {
			isa = XCConfigurationList;
			buildConfigurations = (
				4C010C781E5B91AC00BFA1DE /* Debug */,
				4C010C791E5B91AC00BFA1DE /* Release */,
			);
			defaultConfigurationIsVisible = 0;
			defaultConfigurationName = Release;
		};
/* End XCConfigurationList section */
	};
	rootObject = 4C010C601E5B91AC00BFA1DE /* Project object */;
}
